
Microsoft Visual Studio Solution File, Format Version 12.00
# Visual Studio Version 17
VisualStudioVersion = 17.1.32228.430
MinimumVisualStudioVersion = 10.0.40219.1
Project("{FAE04EC0-301F-11D3-BF4B-00C04F79EFBC}") = "Catalogo", "CatalogoArticulos\Catalogo.csproj", "{AC3FE8A0-F496-4F43-B97B-F540180097D6}"
EndProject
Project("{FAE04EC0-301F-11D3-BF4B-00C04F79EFBC}") = "Negocio", "Negocio\Negocio.csproj", "{26C7ED2E-09BE-49D5-BA84-00A14374101A}"
EndProject
Project("{FAE04EC0-301F-11D3-BF4B-00C04F79EFBC}") = "Dominio", "Dominio\Dominio.csproj", "{9BCA62F2-BEA3-4BDC-8F00-8ADE74D3D017}"
EndProject
Global
	GlobalSection(SolutionConfigurationPlatforms) = preSolution
		Debug|Any CPU = Debug|Any CPU
		Release|Any CPU = Release|Any CPU
	EndGlobalSection
	GlobalSection(ProjectConfigurationPlatforms) = postSolution
		{AC3FE8A0-F496-4F43-B97B-F540180097D6}.Debug|Any CPU.ActiveCfg = Debug|Any CPU
		{AC3FE8A0-F496-4F43-B97B-F540180097D6}.Debug|Any CPU.Build.0 = Debug|Any CPU
		{AC3FE8A0-F496-4F43-B97B-F540180097D6}.Release|Any CPU.ActiveCfg = Release|Any CPU
		{AC3FE8A0-F496-4F43-B97B-F540180097D6}.Release|Any CPU.Build.0 = Release|Any CPU
		{26C7ED2E-09BE-49D5-BA84-00A14374101A}.Debug|Any CPU.ActiveCfg = Debug|Any CPU
		{26C7ED2E-09BE-49D5-BA84-00A14374101A}.Debug|Any CPU.Build.0 = Debug|Any CPU
		{26C7ED2E-09BE-49D5-BA84-00A14374101A}.Release|Any CPU.ActiveCfg = Release|Any CPU
		{26C7ED2E-09BE-49D5-BA84-00A14374101A}.Release|Any CPU.Build.0 = Release|Any CPU
		{9BCA62F2-BEA3-4BDC-8F00-8ADE74D3D017}.Debug|Any CPU.ActiveCfg = Debug|Any CPU
		{9BCA62F2-BEA3-4BDC-8F00-8ADE74D3D017}.Debug|Any CPU.Build.0 = Debug|Any CPU
		{9BCA62F2-BEA3-4BDC-8F00-8ADE74D3D017}.Release|Any CPU.ActiveCfg = Release|Any CPU
		{9BCA62F2-BEA3-4BDC-8F00-8ADE74D3D017}.Release|Any CPU.Build.0 = Release|Any CPU
	EndGlobalSection
	GlobalSection(SolutionProperties) = preSolution
		HideSolutionNode = FALSE
	EndGlobalSection
	GlobalSection(ExtensibilityGlobals) = postSolution
		SolutionGuid = {C98F4B4A-F781-43EB-8A7F-9A1EEA8CBEE5}
	EndGlobalSection
EndGlobal
